
Microsoft Visual Studio Solution File, Format Version 12.00
# Visual Studio Version 17
VisualStudioVersion = 17.8.34330.188
MinimumVisualStudioVersion = 10.0.40219.1
Project("{FAE04EC0-301F-11D3-BF4B-00C04F79EFBC}") = "School Data", "School Data\School Data.csproj", "{215E305B-93EE-49B7-9565-FE5C00FBFA99}"
EndProject
Global
	GlobalSection(SolutionConfigurationPlatforms) = preSolution
		Debug|Any CPU = Debug|Any CPU
		Release|Any CPU = Release|Any CPU
	EndGlobalSection
	GlobalSection(ProjectConfigurationPlatforms) = postSolution
		{215E305B-93EE-49B7-9565-FE5C00FBFA99}.Debug|Any CPU.ActiveCfg = Debug|Any CPU
		{215E305B-93EE-49B7-9565-FE5C00FBFA99}.Debug|Any CPU.Build.0 = Debug|Any CPU
		{215E305B-93EE-49B7-9565-FE5C00FBFA99}.Release|Any CPU.ActiveCfg = Release|Any CPU
		{215E305B-93EE-49B7-9565-FE5C00FBFA99}.Release|Any CPU.Build.0 = Release|Any CPU
	EndGlobalSection
	GlobalSection(SolutionProperties) = preSolution
		HideSolutionNode = FALSE
	EndGlobalSection
	GlobalSection(ExtensibilityGlobals) = postSolution
		SolutionGuid = {39E4FEF3-FB86-4740-871C-A7AE7D58A7FD}
	EndGlobalSection
EndGlobal
